
Microsoft Visual Studio Solution File, Format Version 12.00
# Visual Studio Version 17
VisualStudioVersion = 17.9.34728.123
MinimumVisualStudioVersion = 10.0.40219.1
Project("{FAE04EC0-301F-11D3-BF4B-00C04F79EFBC}") = "CustomerOrderAPI", "CustomerOrderAPI.csproj", "{CA7B9554-1347-40F4-BBDA-3319717A251A}"
EndProject
Global
	GlobalSection(SolutionConfigurationPlatforms) = preSolution
		Debug|Any CPU = Debug|Any CPU
		Release|Any CPU = Release|Any CPU
	EndGlobalSection
	GlobalSection(ProjectConfigurationPlatforms) = postSolution
		{CA7B9554-1347-40F4-BBDA-3319717A251A}.Debug|Any CPU.ActiveCfg = Debug|Any CPU
		{CA7B9554-1347-40F4-BBDA-3319717A251A}.Debug|Any CPU.Build.0 = Debug|Any CPU
		{CA7B9554-1347-40F4-BBDA-3319717A251A}.Release|Any CPU.ActiveCfg = Release|Any CPU
		{CA7B9554-1347-40F4-BBDA-3319717A251A}.Release|Any CPU.Build.0 = Release|Any CPU
	EndGlobalSection
	GlobalSection(SolutionProperties) = preSolution
		HideSolutionNode = FALSE
	EndGlobalSection
	GlobalSection(ExtensibilityGlobals) = postSolution
		SolutionGuid = {FE3BDE34-DA77-4764-BEC6-E10E9D7E7BA4}
	EndGlobalSection
EndGlobal
